
Microsoft Visual Studio Solution File, Format Version 12.00
# Visual Studio 15
VisualStudioVersion = 15.0.36001.139
MinimumVisualStudioVersion = 10.0.40219.1
Project("{FAE04EC0-301F-11D3-BF4B-00C04F79EFBC}") = "CICDTest", "CICDTest\CICDTest.csproj", "{80387EA9-2CDE-4885-9198-2D1C4200A3BF}"
EndProject
Global
	GlobalSection(SolutionConfigurationPlatforms) = preSolution
		Debug|Any CPU = Debug|Any CPU
		Release|Any CPU = Release|Any CPU
	EndGlobalSection
	GlobalSection(ProjectConfigurationPlatforms) = postSolution
		{80387EA9-2CDE-4885-9198-2D1C4200A3BF}.Debug|Any CPU.ActiveCfg = Debug|Any CPU
		{80387EA9-2CDE-4885-9198-2D1C4200A3BF}.Debug|Any CPU.Build.0 = Debug|Any CPU
		{80387EA9-2CDE-4885-9198-2D1C4200A3BF}.Release|Any CPU.ActiveCfg = Release|Any CPU
		{80387EA9-2CDE-4885-9198-2D1C4200A3BF}.Release|Any CPU.Build.0 = Release|Any CPU
	EndGlobalSection
	GlobalSection(SolutionProperties) = preSolution
		HideSolutionNode = FALSE
	EndGlobalSection
	GlobalSection(ExtensibilityGlobals) = postSolution
		SolutionGuid = {EE990A2E-FF17-46D4-986F-60F0C0D81192}
	EndGlobalSection
EndGlobal
